
Microsoft Visual Studio Solution File, Format Version 12.00
Project("{FAE04EC0-301F-11D3-BF4B-00C04F79EFBC}") = "Application", "Application\Application.csproj", "{CF4D1F44-1E15-49FD-92E4-4FFA43DD8D47}"
EndProject
Project("{FAE04EC0-301F-11D3-BF4B-00C04F79EFBC}") = "Domain", "Domain\Domain.csproj", "{C7EB5169-4978-4904-84BA-65036E273951}"
EndProject
Project("{FAE04EC0-301F-11D3-BF4B-00C04F79EFBC}") = "Interface", "Interface\Interface.csproj", "{D2A72431-BF38-4865-94E2-E1F9596EB570}"
EndProject
Project("{FAE04EC0-301F-11D3-BF4B-00C04F79EFBC}") = "Infrastructure", "Infrastructure\Infrastructure.csproj", "{4FFB2ECA-8C4F-46F1-9EB1-53D83B5ABCED}"
EndProject
Global
	GlobalSection(SolutionConfigurationPlatforms) = preSolution
		Debug|Any CPU = Debug|Any CPU
		Release|Any CPU = Release|Any CPU
	EndGlobalSection
	GlobalSection(ProjectConfigurationPlatforms) = postSolution
		{CF4D1F44-1E15-49FD-92E4-4FFA43DD8D47}.Debug|Any CPU.ActiveCfg = Debug|Any CPU
		{CF4D1F44-1E15-49FD-92E4-4FFA43DD8D47}.Debug|Any CPU.Build.0 = Debug|Any CPU
		{CF4D1F44-1E15-49FD-92E4-4FFA43DD8D47}.Release|Any CPU.ActiveCfg = Release|Any CPU
		{CF4D1F44-1E15-49FD-92E4-4FFA43DD8D47}.Release|Any CPU.Build.0 = Release|Any CPU
		{C7EB5169-4978-4904-84BA-65036E273951}.Debug|Any CPU.ActiveCfg = Debug|Any CPU
		{C7EB5169-4978-4904-84BA-65036E273951}.Debug|Any CPU.Build.0 = Debug|Any CPU
		{C7EB5169-4978-4904-84BA-65036E273951}.Release|Any CPU.ActiveCfg = Release|Any CPU
		{C7EB5169-4978-4904-84BA-65036E273951}.Release|Any CPU.Build.0 = Release|Any CPU
		{D2A72431-BF38-4865-94E2-E1F9596EB570}.Debug|Any CPU.ActiveCfg = Debug|Any CPU
		{D2A72431-BF38-4865-94E2-E1F9596EB570}.Debug|Any CPU.Build.0 = Debug|Any CPU
		{D2A72431-BF38-4865-94E2-E1F9596EB570}.Release|Any CPU.ActiveCfg = Release|Any CPU
		{D2A72431-BF38-4865-94E2-E1F9596EB570}.Release|Any CPU.Build.0 = Release|Any CPU
		{4FFB2ECA-8C4F-46F1-9EB1-53D83B5ABCED}.Debug|Any CPU.ActiveCfg = Debug|Any CPU
		{4FFB2ECA-8C4F-46F1-9EB1-53D83B5ABCED}.Debug|Any CPU.Build.0 = Debug|Any CPU
		{4FFB2ECA-8C4F-46F1-9EB1-53D83B5ABCED}.Release|Any CPU.ActiveCfg = Release|Any CPU
		{4FFB2ECA-8C4F-46F1-9EB1-53D83B5ABCED}.Release|Any CPU.Build.0 = Release|Any CPU
	EndGlobalSection
EndGlobal
